
Microsoft Visual Studio Solution File, Format Version 12.00
# Visual Studio Version 16
VisualStudioVersion = 16.0.30503.244
MinimumVisualStudioVersion = 10.0.40219.1
Project("{FAE04EC0-301F-11D3-BF4B-00C04F79EFBC}") = "ControlWindows", "ControlWindows\ControlWindows.csproj", "{B8395FF4-9C5C-4DA8-BBA6-B6EC5C0BAE0A}"
EndProject
Global
	GlobalSection(SolutionConfigurationPlatforms) = preSolution
		Debug|Any CPU = Debug|Any CPU
		Release|Any CPU = Release|Any CPU
	EndGlobalSection
	GlobalSection(ProjectConfigurationPlatforms) = postSolution
		{B8395FF4-9C5C-4DA8-BBA6-B6EC5C0BAE0A}.Debug|Any CPU.ActiveCfg = Debug|Any CPU
		{B8395FF4-9C5C-4DA8-BBA6-B6EC5C0BAE0A}.Debug|Any CPU.Build.0 = Debug|Any CPU
		{B8395FF4-9C5C-4DA8-BBA6-B6EC5C0BAE0A}.Release|Any CPU.ActiveCfg = Release|Any CPU
		{B8395FF4-9C5C-4DA8-BBA6-B6EC5C0BAE0A}.Release|Any CPU.Build.0 = Release|Any CPU
	EndGlobalSection
	GlobalSection(SolutionProperties) = preSolution
		HideSolutionNode = FALSE
	EndGlobalSection
	GlobalSection(ExtensibilityGlobals) = postSolution
		SolutionGuid = {8F49E2A1-460A-4D53-B625-4AE81B662F9A}
	EndGlobalSection
EndGlobal
